
Microsoft Visual Studio Solution File, Format Version 12.00
# Visual Studio Version 17
VisualStudioVersion = 17.1.32328.378
MinimumVisualStudioVersion = 10.0.40219.1
Project("{FAE04EC0-301F-11D3-BF4B-00C04F79EFBC}") = "MvcEmployee", "MvcEmployee\MvcEmployee.csproj", "{BDB49902-03D7-49C7-A07A-E063068E03DA}"
EndProject
Global
	GlobalSection(SolutionConfigurationPlatforms) = preSolution
		Debug|Any CPU = Debug|Any CPU
		Release|Any CPU = Release|Any CPU
	EndGlobalSection
	GlobalSection(ProjectConfigurationPlatforms) = postSolution
		{BDB49902-03D7-49C7-A07A-E063068E03DA}.Debug|Any CPU.ActiveCfg = Debug|Any CPU
		{BDB49902-03D7-49C7-A07A-E063068E03DA}.Debug|Any CPU.Build.0 = Debug|Any CPU
		{BDB49902-03D7-49C7-A07A-E063068E03DA}.Release|Any CPU.ActiveCfg = Release|Any CPU
		{BDB49902-03D7-49C7-A07A-E063068E03DA}.Release|Any CPU.Build.0 = Release|Any CPU
	EndGlobalSection
	GlobalSection(SolutionProperties) = preSolution
		HideSolutionNode = FALSE
	EndGlobalSection
	GlobalSection(ExtensibilityGlobals) = postSolution
		SolutionGuid = {94E90A2A-721A-48A6-A403-969F03ADB4C3}
	EndGlobalSection
EndGlobal
